
Microsoft Visual Studio Solution File, Format Version 12.00
Project("{2150E333-8FDC-42A3-9474-1A3956D46DE8}") = "catalog", "catalog", "{36E21A56-B52D-4948-BB59-70889B8FF85C}"
EndProject
Project("{2150E333-8FDC-42A3-9474-1A3956D46DE8}") = "src", "src", "{DC41359D-E102-483F-809E-284FA6241513}"
EndProject
Project("{2150E333-8FDC-42A3-9474-1A3956D46DE8}") = "tests", "tests", "{BDA17979-F36F-4FEE-9301-84936A8E6354}"
EndProject
Project("{FAE04EC0-301F-11D3-BF4B-00C04F79EFBC}") = "Play.Catalog.Service", "catalog\src\Play.Catalog.Service\Play.Catalog.Service.csproj", "{59736260-3CED-42FC-969D-91F880615D76}"
EndProject
Project("{FAE04EC0-301F-11D3-BF4B-00C04F79EFBC}") = "Play.Catalog.Service.Core", "catalog\src\Play.Catalog.Service.Core\Play.Catalog.Service.Core.csproj", "{F9D581DB-E3C6-4281-A849-6E9652D6A7F0}"
EndProject
Project("{2150E333-8FDC-42A3-9474-1A3956D46DE8}") = "common", "common", "{F2ED595D-50DF-4A4F-9991-9D91AD28B98F}"
EndProject
Project("{2150E333-8FDC-42A3-9474-1A3956D46DE8}") = "src", "src", "{8DBC6BAF-8FAC-45E3-A25E-15EFCFE02381}"
EndProject
Project("{2150E333-8FDC-42A3-9474-1A3956D46DE8}") = "tests", "tests", "{962E5695-9DEF-4787-B84F-A28F79EA1BFB}"
EndProject
Global
	GlobalSection(SolutionConfigurationPlatforms) = preSolution
		Debug|Any CPU = Debug|Any CPU
		Release|Any CPU = Release|Any CPU
	EndGlobalSection
	GlobalSection(NestedProjects) = preSolution
		{DC41359D-E102-483F-809E-284FA6241513} = {36E21A56-B52D-4948-BB59-70889B8FF85C}
		{BDA17979-F36F-4FEE-9301-84936A8E6354} = {36E21A56-B52D-4948-BB59-70889B8FF85C}
		{59736260-3CED-42FC-969D-91F880615D76} = {DC41359D-E102-483F-809E-284FA6241513}
		{F9D581DB-E3C6-4281-A849-6E9652D6A7F0} = {DC41359D-E102-483F-809E-284FA6241513}
		{8DBC6BAF-8FAC-45E3-A25E-15EFCFE02381} = {F2ED595D-50DF-4A4F-9991-9D91AD28B98F}
		{962E5695-9DEF-4787-B84F-A28F79EA1BFB} = {F2ED595D-50DF-4A4F-9991-9D91AD28B98F}
	EndGlobalSection
	GlobalSection(ProjectConfigurationPlatforms) = postSolution
		{59736260-3CED-42FC-969D-91F880615D76}.Debug|Any CPU.ActiveCfg = Debug|Any CPU
		{59736260-3CED-42FC-969D-91F880615D76}.Debug|Any CPU.Build.0 = Debug|Any CPU
		{59736260-3CED-42FC-969D-91F880615D76}.Release|Any CPU.ActiveCfg = Release|Any CPU
		{59736260-3CED-42FC-969D-91F880615D76}.Release|Any CPU.Build.0 = Release|Any CPU
		{F9D581DB-E3C6-4281-A849-6E9652D6A7F0}.Debug|Any CPU.ActiveCfg = Debug|Any CPU
		{F9D581DB-E3C6-4281-A849-6E9652D6A7F0}.Debug|Any CPU.Build.0 = Debug|Any CPU
		{F9D581DB-E3C6-4281-A849-6E9652D6A7F0}.Release|Any CPU.ActiveCfg = Release|Any CPU
		{F9D581DB-E3C6-4281-A849-6E9652D6A7F0}.Release|Any CPU.Build.0 = Release|Any CPU
	EndGlobalSection
EndGlobal
