
Microsoft Visual Studio Solution File, Format Version 12.00
Project("{2150E333-8FDC-42A3-9474-1A3956D46DE8}") = "catalog", "catalog", "{36E21A56-B52D-4948-BB59-70889B8FF85C}"
EndProject
Project("{2150E333-8FDC-42A3-9474-1A3956D46DE8}") = "src", "src", "{DC41359D-E102-483F-809E-284FA6241513}"
EndProject
Project("{2150E333-8FDC-42A3-9474-1A3956D46DE8}") = "tests", "tests", "{BDA17979-F36F-4FEE-9301-84936A8E6354}"
EndProject
Project("{FAE04EC0-301F-11D3-BF4B-00C04F79EFBC}") = "Play.Catalog.Service", "catalog\src\Play.Catalog.Service\Play.Catalog.Service.csproj", "{59736260-3CED-42FC-969D-91F880615D76}"
EndProject
Project("{2150E333-8FDC-42A3-9474-1A3956D46DE8}") = "common", "common", "{F2ED595D-50DF-4A4F-9991-9D91AD28B98F}"
EndProject
Project("{2150E333-8FDC-42A3-9474-1A3956D46DE8}") = "src", "src", "{8DBC6BAF-8FAC-45E3-A25E-15EFCFE02381}"
EndProject
Project("{2150E333-8FDC-42A3-9474-1A3956D46DE8}") = "tests", "tests", "{962E5695-9DEF-4787-B84F-A28F79EA1BFB}"
EndProject
Project("{FAE04EC0-301F-11D3-BF4B-00C04F79EFBC}") = "Play.Common", "common\src\Play.Common\Play.Common.csproj", "{610E61A7-3B49-4E89-AB40-8650D5673228}"
EndProject
Project("{2150E333-8FDC-42A3-9474-1A3956D46DE8}") = "container", "container", "{635E151A-DC5A-4952-8F27-C974631DBD11}"
ProjectSection(SolutionItems) = preProject
	container\docker-compose.yml = container\docker-compose.yml
	container\dockerfile = container\dockerfile
EndProjectSection
EndProject
Project("{2150E333-8FDC-42A3-9474-1A3956D46DE8}") = "inventory", "inventory", "{674E02A0-3836-4379-932A-6315C7502FC9}"
EndProject
Project("{2150E333-8FDC-42A3-9474-1A3956D46DE8}") = "src", "src", "{539FBAA6-BBEE-4F17-9B33-B3EFC43AD4FC}"
EndProject
Project("{2150E333-8FDC-42A3-9474-1A3956D46DE8}") = "tests", "tests", "{6D198452-C252-4E9F-86C2-93B35C8E03B2}"
EndProject
Project("{FAE04EC0-301F-11D3-BF4B-00C04F79EFBC}") = "Play.Inventory.Service", "inventory\src\Play.Inventory.Service\Play.Inventory.Service.csproj", "{ADFEA020-74B1-485D-BE96-347A4F69A41B}"
EndProject
Project("{FAE04EC0-301F-11D3-BF4B-00C04F79EFBC}") = "Play.Inventory.Core", "inventory\src\Play.Inventory.Core\Play.Inventory.Core.csproj", "{8E79393B-53A1-4DA0-977A-7ED8CA4545CA}"
EndProject
Project("{FAE04EC0-301F-11D3-BF4B-00C04F79EFBC}") = "Play.Catalog.Core", "catalog\src\Play.Catalog.Core\Play.Catalog.Core.csproj", "{3CFF2034-FCAD-4EA8-8796-BF9A5668E104}"
EndProject
Global
	GlobalSection(SolutionConfigurationPlatforms) = preSolution
		Debug|Any CPU = Debug|Any CPU
		Release|Any CPU = Release|Any CPU
	EndGlobalSection
	GlobalSection(NestedProjects) = preSolution
		{DC41359D-E102-483F-809E-284FA6241513} = {36E21A56-B52D-4948-BB59-70889B8FF85C}
		{BDA17979-F36F-4FEE-9301-84936A8E6354} = {36E21A56-B52D-4948-BB59-70889B8FF85C}
		{59736260-3CED-42FC-969D-91F880615D76} = {DC41359D-E102-483F-809E-284FA6241513}
		{8DBC6BAF-8FAC-45E3-A25E-15EFCFE02381} = {F2ED595D-50DF-4A4F-9991-9D91AD28B98F}
		{962E5695-9DEF-4787-B84F-A28F79EA1BFB} = {F2ED595D-50DF-4A4F-9991-9D91AD28B98F}
		{610E61A7-3B49-4E89-AB40-8650D5673228} = {8DBC6BAF-8FAC-45E3-A25E-15EFCFE02381}
		{539FBAA6-BBEE-4F17-9B33-B3EFC43AD4FC} = {674E02A0-3836-4379-932A-6315C7502FC9}
		{6D198452-C252-4E9F-86C2-93B35C8E03B2} = {674E02A0-3836-4379-932A-6315C7502FC9}
		{ADFEA020-74B1-485D-BE96-347A4F69A41B} = {539FBAA6-BBEE-4F17-9B33-B3EFC43AD4FC}
		{8E79393B-53A1-4DA0-977A-7ED8CA4545CA} = {539FBAA6-BBEE-4F17-9B33-B3EFC43AD4FC}
		{3CFF2034-FCAD-4EA8-8796-BF9A5668E104} = {DC41359D-E102-483F-809E-284FA6241513}
	EndGlobalSection
	GlobalSection(ProjectConfigurationPlatforms) = postSolution
		{59736260-3CED-42FC-969D-91F880615D76}.Debug|Any CPU.ActiveCfg = Debug|Any CPU
		{59736260-3CED-42FC-969D-91F880615D76}.Debug|Any CPU.Build.0 = Debug|Any CPU
		{59736260-3CED-42FC-969D-91F880615D76}.Release|Any CPU.ActiveCfg = Release|Any CPU
		{59736260-3CED-42FC-969D-91F880615D76}.Release|Any CPU.Build.0 = Release|Any CPU
		{610E61A7-3B49-4E89-AB40-8650D5673228}.Debug|Any CPU.ActiveCfg = Debug|Any CPU
		{610E61A7-3B49-4E89-AB40-8650D5673228}.Debug|Any CPU.Build.0 = Debug|Any CPU
		{610E61A7-3B49-4E89-AB40-8650D5673228}.Release|Any CPU.ActiveCfg = Release|Any CPU
		{610E61A7-3B49-4E89-AB40-8650D5673228}.Release|Any CPU.Build.0 = Release|Any CPU
		{ADFEA020-74B1-485D-BE96-347A4F69A41B}.Debug|Any CPU.ActiveCfg = Debug|Any CPU
		{ADFEA020-74B1-485D-BE96-347A4F69A41B}.Debug|Any CPU.Build.0 = Debug|Any CPU
		{ADFEA020-74B1-485D-BE96-347A4F69A41B}.Release|Any CPU.ActiveCfg = Release|Any CPU
		{ADFEA020-74B1-485D-BE96-347A4F69A41B}.Release|Any CPU.Build.0 = Release|Any CPU
		{8E79393B-53A1-4DA0-977A-7ED8CA4545CA}.Debug|Any CPU.ActiveCfg = Debug|Any CPU
		{8E79393B-53A1-4DA0-977A-7ED8CA4545CA}.Debug|Any CPU.Build.0 = Debug|Any CPU
		{8E79393B-53A1-4DA0-977A-7ED8CA4545CA}.Release|Any CPU.ActiveCfg = Release|Any CPU
		{8E79393B-53A1-4DA0-977A-7ED8CA4545CA}.Release|Any CPU.Build.0 = Release|Any CPU
		{3CFF2034-FCAD-4EA8-8796-BF9A5668E104}.Debug|Any CPU.ActiveCfg = Debug|Any CPU
		{3CFF2034-FCAD-4EA8-8796-BF9A5668E104}.Debug|Any CPU.Build.0 = Debug|Any CPU
		{3CFF2034-FCAD-4EA8-8796-BF9A5668E104}.Release|Any CPU.ActiveCfg = Release|Any CPU
		{3CFF2034-FCAD-4EA8-8796-BF9A5668E104}.Release|Any CPU.Build.0 = Release|Any CPU
	EndGlobalSection
EndGlobal
